// !$*UTF8*$!
{
	archiveVersion = 1;
	classes = {
	};
	objectVersion = 56;
	objects = {

/* Begin PBXBuildFile section */
		BD5D50522B047D58003038BD /* FirebaseAnalytics in Frameworks */ = {isa = PBXBuildFile; productRef = BD5D50512B047D58003038BD /* FirebaseAnalytics */; };
		BD5D50542B047D58003038BD /* FirebaseAnalyticsOnDeviceConversion in Frameworks */ = {isa = PBXBuildFile; productRef = BD5D50532B047D58003038BD /* FirebaseAnalyticsOnDeviceConversion */; };
		BD5D50562B047D58003038BD /* FirebaseAnalyticsSwift in Frameworks */ = {isa = PBXBuildFile; productRef = BD5D50552B047D58003038BD /* FirebaseAnalyticsSwift */; };
		BD5D50582B047D58003038BD /* FirebaseAnalyticsWithoutAdIdSupport in Frameworks */ = {isa = PBXBuildFile; productRef = BD5D50572B047D58003038BD /* FirebaseAnalyticsWithoutAdIdSupport */; };
		BD5D505A2B047D58003038BD /* FirebaseAppCheck in Frameworks */ = {isa = PBXBuildFile; productRef = BD5D50592B047D58003038BD /* FirebaseAppCheck */; };
		BD5D505C2B047DB4003038BD /* GoogleService-Info.plist in Resources */ = {isa = PBXBuildFile; fileRef = BD5D505B2B047DB4003038BD /* GoogleService-Info.plist */; };
		BD87D6642B039B6200BEB71B /* Profile.swift in Sources */ = {isa = PBXBuildFile; fileRef = BD87D6632B039B6200BEB71B /* Profile.swift */; };
		BD87D6662B03A48900BEB71B /* ProfilePosts.swift in Sources */ = {isa = PBXBuildFile; fileRef = BD87D6652B03A48900BEB71B /* ProfilePosts.swift */; };
		BD87D6682B03A98200BEB71B /* Posts.swift in Sources */ = {isa = PBXBuildFile; fileRef = BD87D6672B03A98200BEB71B /* Posts.swift */; };
		BD87D66A2B03B11200BEB71B /* Highlights.swift in Sources */ = {isa = PBXBuildFile; fileRef = BD87D6692B03B11200BEB71B /* Highlights.swift */; };
		BD87D66C2B03B11A00BEB71B /* Highlight.swift in Sources */ = {isa = PBXBuildFile; fileRef = BD87D66B2B03B11A00BEB71B /* Highlight.swift */; };
		BD87D66E2B03B67100BEB71B /* RootView.swift in Sources */ = {isa = PBXBuildFile; fileRef = BD87D66D2B03B67100BEB71B /* RootView.swift */; };
		BDE2666B2B03390200CBDDAD /* InstagramApp.swift in Sources */ = {isa = PBXBuildFile; fileRef = BDE2666A2B03390200CBDDAD /* InstagramApp.swift */; };
		BDE2666D2B03390200CBDDAD /* HomeView.swift in Sources */ = {isa = PBXBuildFile; fileRef = BDE2666C2B03390200CBDDAD /* HomeView.swift */; };
		BDE2666F2B03390200CBDDAD /* Assets.xcassets in Resources */ = {isa = PBXBuildFile; fileRef = BDE2666E2B03390200CBDDAD /* Assets.xcassets */; };
		BDE266722B03390200CBDDAD /* Preview Assets.xcassets in Resources */ = {isa = PBXBuildFile; fileRef = BDE266712B03390200CBDDAD /* Preview Assets.xcassets */; };
		BDE2667C2B03445D00CBDDAD /* Header.swift in Sources */ = {isa = PBXBuildFile; fileRef = BDE2667B2B03445D00CBDDAD /* Header.swift */; };
		BDE2667E2B0344A100CBDDAD /* Story.swift in Sources */ = {isa = PBXBuildFile; fileRef = BDE2667D2B0344A100CBDDAD /* Story.swift */; };
		BDE266802B03450F00CBDDAD /* Stories.swift in Sources */ = {isa = PBXBuildFile; fileRef = BDE2667F2B03450F00CBDDAD /* Stories.swift */; };
		BDE266822B03489F00CBDDAD /* Post.swift in Sources */ = {isa = PBXBuildFile; fileRef = BDE266812B03489F00CBDDAD /* Post.swift */; };
		BDE2668A2B0370F000CBDDAD /* Test.swift in Sources */ = {isa = PBXBuildFile; fileRef = BDE266892B0370F000CBDDAD /* Test.swift */; };
		BDE2668F2B03728800CBDDAD /* Footer.swift in Sources */ = {isa = PBXBuildFile; fileRef = BDE2668E2B03728800CBDDAD /* Footer.swift */; };
/* End PBXBuildFile section */

/* Begin PBXFileReference section */
		BD5D505B2B047DB4003038BD /* GoogleService-Info.plist */ = {isa = PBXFileReference; fileEncoding = 4; lastKnownFileType = text.plist.xml; path = "GoogleService-Info.plist"; sourceTree = "<group>"; };
		BD87D6632B039B6200BEB71B /* Profile.swift */ = {isa = PBXFileReference; lastKnownFileType = sourcecode.swift; path = Profile.swift; sourceTree = "<group>"; };
		BD87D6652B03A48900BEB71B /* ProfilePosts.swift */ = {isa = PBXFileReference; lastKnownFileType = sourcecode.swift; path = ProfilePosts.swift; sourceTree = "<group>"; };
		BD87D6672B03A98200BEB71B /* Posts.swift */ = {isa = PBXFileReference; lastKnownFileType = sourcecode.swift; path = Posts.swift; sourceTree = "<group>"; };
		BD87D6692B03B11200BEB71B /* Highlights.swift */ = {isa = PBXFileReference; lastKnownFileType = sourcecode.swift; path = Highlights.swift; sourceTree = "<group>"; };
		BD87D66B2B03B11A00BEB71B /* Highlight.swift */ = {isa = PBXFileReference; lastKnownFileType = sourcecode.swift; path = Highlight.swift; sourceTree = "<group>"; };
		BD87D66D2B03B67100BEB71B /* RootView.swift */ = {isa = PBXFileReference; lastKnownFileType = sourcecode.swift; path = RootView.swift; sourceTree = "<group>"; };
		BDE266672B03390200CBDDAD /* Instagram.app */ = {isa = PBXFileReference; explicitFileType = wrapper.application; includeInIndex = 0; path = Instagram.app; sourceTree = BUILT_PRODUCTS_DIR; };
		BDE2666A2B03390200CBDDAD /* InstagramApp.swift */ = {isa = PBXFileReference; lastKnownFileType = sourcecode.swift; path = InstagramApp.swift; sourceTree = "<group>"; };
		BDE2666C2B03390200CBDDAD /* HomeView.swift */ = {isa = PBXFileReference; lastKnownFileType = sourcecode.swift; path = HomeView.swift; sourceTree = "<group>"; };
		BDE2666E2B03390200CBDDAD /* Assets.xcassets */ = {isa = PBXFileReference; lastKnownFileType = folder.assetcatalog; path = Assets.xcassets; sourceTree = "<group>"; };
		BDE266712B03390200CBDDAD /* Preview Assets.xcassets */ = {isa = PBXFileReference; lastKnownFileType = folder.assetcatalog; path = "Preview Assets.xcassets"; sourceTree = "<group>"; };
		BDE2667B2B03445D00CBDDAD /* Header.swift */ = {isa = PBXFileReference; lastKnownFileType = sourcecode.swift; path = Header.swift; sourceTree = "<group>"; };
		BDE2667D2B0344A100CBDDAD /* Story.swift */ = {isa = PBXFileReference; lastKnownFileType = sourcecode.swift; path = Story.swift; sourceTree = "<group>"; };
		BDE2667F2B03450F00CBDDAD /* Stories.swift */ = {isa = PBXFileReference; lastKnownFileType = sourcecode.swift; path = Stories.swift; sourceTree = "<group>"; };
		BDE266812B03489F00CBDDAD /* Post.swift */ = {isa = PBXFileReference; lastKnownFileType = sourcecode.swift; path = Post.swift; sourceTree = "<group>"; };
		BDE266892B0370F000CBDDAD /* Test.swift */ = {isa = PBXFileReference; lastKnownFileType = sourcecode.swift; path = Test.swift; sourceTree = "<group>"; };
		BDE2668E2B03728800CBDDAD /* Footer.swift */ = {isa = PBXFileReference; lastKnownFileType = sourcecode.swift; path = Footer.swift; sourceTree = "<group>"; };
/* End PBXFileReference section */

/* Begin PBXFrameworksBuildPhase section */
		BDE266642B03390200CBDDAD /* Frameworks */ = {
			isa = PBXFrameworksBuildPhase;
			buildActionMask = 2147483647;
			files = (
				BD5D50562B047D58003038BD /* FirebaseAnalyticsSwift in Frameworks */,
				BD5D50522B047D58003038BD /* FirebaseAnalytics in Frameworks */,
				BD5D50542B047D58003038BD /* FirebaseAnalyticsOnDeviceConversion in Frameworks */,
				BD5D505A2B047D58003038BD /* FirebaseAppCheck in Frameworks */,
				BD5D50582B047D58003038BD /* FirebaseAnalyticsWithoutAdIdSupport in Frameworks */,
			);
			runOnlyForDeploymentPostprocessing = 0;
		};
/* End PBXFrameworksBuildPhase section */

/* Begin PBXGroup section */
		BD5D505D2B047E75003038BD /* Profile */ = {
			isa = PBXGroup;
			children = (
				BD87D6632B039B6200BEB71B /* Profile.swift */,
				BD87D6652B03A48900BEB71B /* ProfilePosts.swift */,
				BD87D6672B03A98200BEB71B /* Posts.swift */,
				BD87D6692B03B11200BEB71B /* Highlights.swift */,
				BD87D66B2B03B11A00BEB71B /* Highlight.swift */,
			);
			path = Profile;
			sourceTree = "<group>";
		};
		BDE2665E2B03390200CBDDAD = {
			isa = PBXGroup;
			children = (
				BDE266692B03390200CBDDAD /* Instagram */,
				BDE266682B03390200CBDDAD /* Products */,
			);
			sourceTree = "<group>";
		};
		BDE266682B03390200CBDDAD /* Products */ = {
			isa = PBXGroup;
			children = (
				BDE266672B03390200CBDDAD /* Instagram.app */,
			);
			name = Products;
			sourceTree = "<group>";
		};
		BDE266692B03390200CBDDAD /* Instagram */ = {
			isa = PBXGroup;
			children = (
				BD5D505B2B047DB4003038BD /* GoogleService-Info.plist */,
				BDE266832B035C5900CBDDAD /* Models */,
				BDE266792B03392B00CBDDAD /* Views */,
				BDE266782B03392600CBDDAD /* App */,
				BDE2666E2B03390200CBDDAD /* Assets.xcassets */,
				BDE266702B03390200CBDDAD /* Preview Content */,
				BDE266892B0370F000CBDDAD /* Test.swift */,
			);
			path = Instagram;
			sourceTree = "<group>";
		};
		BDE266702B03390200CBDDAD /* Preview Content */ = {
			isa = PBXGroup;
			children = (
				BDE266712B03390200CBDDAD /* Preview Assets.xcassets */,
			);
			path = "Preview Content";
			sourceTree = "<group>";
		};
		BDE266782B03392600CBDDAD /* App */ = {
			isa = PBXGroup;
			children = (
				BDE2666A2B03390200CBDDAD /* InstagramApp.swift */,
			);
			path = App;
			sourceTree = "<group>";
		};
		BDE266792B03392B00CBDDAD /* Views */ = {
			isa = PBXGroup;
			children = (
				BD5D505D2B047E75003038BD /* Profile */,
				BD87D66D2B03B67100BEB71B /* RootView.swift */,
				BDE2667A2B03394D00CBDDAD /* Home */,
			);
			path = Views;
			sourceTree = "<group>";
		};
		BDE2667A2B03394D00CBDDAD /* Home */ = {
			isa = PBXGroup;
			children = (
				BDE2666C2B03390200CBDDAD /* HomeView.swift */,
				BDE2667B2B03445D00CBDDAD /* Header.swift */,
				BDE2667D2B0344A100CBDDAD /* Story.swift */,
				BDE2667F2B03450F00CBDDAD /* Stories.swift */,
				BDE266812B03489F00CBDDAD /* Post.swift */,
				BDE2668E2B03728800CBDDAD /* Footer.swift */,
			);
			path = Home;
			sourceTree = "<group>";
		};
		BDE266832B035C5900CBDDAD /* Models */ = {
			isa = PBXGroup;
			children = (
			);
			path = Models;
			sourceTree = "<group>";
		};
/* End PBXGroup section */

/* Begin PBXNativeTarget section */
		BDE266662B03390200CBDDAD /* Instagram */ = {
			isa = PBXNativeTarget;
			buildConfigurationList = BDE266752B03390200CBDDAD /* Build configuration list for PBXNativeTarget "Instagram" */;
			buildPhases = (
				BDE266632B03390200CBDDAD /* Sources */,
				BDE266642B03390200CBDDAD /* Frameworks */,
				BDE266652B03390200CBDDAD /* Resources */,
			);
			buildRules = (
			);
			dependencies = (
			);
			name = Instagram;
			packageProductDependencies = (
				BD5D50512B047D58003038BD /* FirebaseAnalytics */,
				BD5D50532B047D58003038BD /* FirebaseAnalyticsOnDeviceConversion */,
				BD5D50552B047D58003038BD /* FirebaseAnalyticsSwift */,
				BD5D50572B047D58003038BD /* FirebaseAnalyticsWithoutAdIdSupport */,
				BD5D50592B047D58003038BD /* FirebaseAppCheck */,
			);
			productName = Instagram;
			productReference = BDE266672B03390200CBDDAD /* Instagram.app */;
			productType = "com.apple.product-type.application";
		};
/* End PBXNativeTarget section */

/* Begin PBXProject section */
		BDE2665F2B03390200CBDDAD /* Project object */ = {
			isa = PBXProject;
			attributes = {
				BuildIndependentTargetsInParallel = 1;
				LastSwiftUpdateCheck = 1500;
				LastUpgradeCheck = 1500;
				TargetAttributes = {
					BDE266662B03390200CBDDAD = {
						CreatedOnToolsVersion = 15.0;
					};
				};
			};
			buildConfigurationList = BDE266622B03390200CBDDAD /* Build configuration list for PBXProject "Instagram" */;
			compatibilityVersion = "Xcode 14.0";
			developmentRegion = en;
			hasScannedForEncodings = 0;
			knownRegions = (
				en,
				Base,
			);
			mainGroup = BDE2665E2B03390200CBDDAD;
			packageReferences = (
				BD5D50502B047D58003038BD /* XCRemoteSwiftPackageReference "firebase-ios-sdk" */,
			);
			productRefGroup = BDE266682B03390200CBDDAD /* Products */;
			projectDirPath = "";
			projectRoot = "";
			targets = (
				BDE266662B03390200CBDDAD /* Instagram */,
			);
		};
/* End PBXProject section */

/* Begin PBXResourcesBuildPhase section */
		BDE266652B03390200CBDDAD /* Resources */ = {
			isa = PBXResourcesBuildPhase;
			buildActionMask = 2147483647;
			files = (
				BDE266722B03390200CBDDAD /* Preview Assets.xcassets in Resources */,
				BDE2666F2B03390200CBDDAD /* Assets.xcassets in Resources */,
				BD5D505C2B047DB4003038BD /* GoogleService-Info.plist in Resources */,
			);
			runOnlyForDeploymentPostprocessing = 0;
		};
/* End PBXResourcesBuildPhase section */

/* Begin PBXSourcesBuildPhase section */
		BDE266632B03390200CBDDAD /* Sources */ = {
			isa = PBXSourcesBuildPhase;
			buildActionMask = 2147483647;
			files = (
				BDE2666D2B03390200CBDDAD /* HomeView.swift in Sources */,
				BD87D6662B03A48900BEB71B /* ProfilePosts.swift in Sources */,
				BD87D66A2B03B11200BEB71B /* Highlights.swift in Sources */,
				BDE2667C2B03445D00CBDDAD /* Header.swift in Sources */,
				BD87D66E2B03B67100BEB71B /* RootView.swift in Sources */,
				BDE2666B2B03390200CBDDAD /* InstagramApp.swift in Sources */,
				BDE2668A2B0370F000CBDDAD /* Test.swift in Sources */,
				BDE266822B03489F00CBDDAD /* Post.swift in Sources */,
				BD87D6682B03A98200BEB71B /* Posts.swift in Sources */,
				BDE266802B03450F00CBDDAD /* Stories.swift in Sources */,
				BD87D66C2B03B11A00BEB71B /* Highlight.swift in Sources */,
				BDE2668F2B03728800CBDDAD /* Footer.swift in Sources */,
				BD87D6642B039B6200BEB71B /* Profile.swift in Sources */,
				BDE2667E2B0344A100CBDDAD /* Story.swift in Sources */,
			);
			runOnlyForDeploymentPostprocessing = 0;
		};
/* End PBXSourcesBuildPhase section */

/* Begin XCBuildConfiguration section */
		BDE266732B03390200CBDDAD /* Debug */ = {
			isa = XCBuildConfiguration;
			buildSettings = {
				ALWAYS_SEARCH_USER_PATHS = NO;
				ASSETCATALOG_COMPILER_GENERATE_SWIFT_ASSET_SYMBOL_EXTENSIONS = YES;
				CLANG_ANALYZER_NONNULL = YES;
				CLANG_ANALYZER_NUMBER_OBJECT_CONVERSION = YES_AGGRESSIVE;
				CLANG_CXX_LANGUAGE_STANDARD = "gnu++20";
				CLANG_ENABLE_MODULES = YES;
				CLANG_ENABLE_OBJC_ARC = YES;
				CLANG_ENABLE_OBJC_WEAK = YES;
				CLANG_WARN_BLOCK_CAPTURE_AUTORELEASING = YES;
				CLANG_WARN_BOOL_CONVERSION = YES;
				CLANG_WARN_COMMA = YES;
				CLANG_WARN_CONSTANT_CONVERSION = YES;
				CLANG_WARN_DEPRECATED_OBJC_IMPLEMENTATIONS = YES;
				CLANG_WARN_DIRECT_OBJC_ISA_USAGE = YES_ERROR;
				CLANG_WARN_DOCUMENTATION_COMMENTS = YES;
				CLANG_WARN_EMPTY_BODY = YES;
				CLANG_WARN_ENUM_CONVERSION = YES;
				CLANG_WARN_INFINITE_RECURSION = YES;
				CLANG_WARN_INT_CONVERSION = YES;
				CLANG_WARN_NON_LITERAL_NULL_CONVERSION = YES;
				CLANG_WARN_OBJC_IMPLICIT_RETAIN_SELF = YES;
				CLANG_WARN_OBJC_LITERAL_CONVERSION = YES;
				CLANG_WARN_OBJC_ROOT_CLASS = YES_ERROR;
				CLANG_WARN_QUOTED_INCLUDE_IN_FRAMEWORK_HEADER = YES;
				CLANG_WARN_RANGE_LOOP_ANALYSIS = YES;
				CLANG_WARN_STRICT_PROTOTYPES = YES;
				CLANG_WARN_SUSPICIOUS_MOVE = YES;
				CLANG_WARN_UNGUARDED_AVAILABILITY = YES_AGGRESSIVE;
				CLANG_WARN_UNREACHABLE_CODE = YES;
				CLANG_WARN__DUPLICATE_METHOD_MATCH = YES;
				COPY_PHASE_STRIP = NO;
				DEBUG_INFORMATION_FORMAT = dwarf;
				ENABLE_STRICT_OBJC_MSGSEND = YES;
				ENABLE_TESTABILITY = YES;
				ENABLE_USER_SCRIPT_SANDBOXING = YES;
				GCC_C_LANGUAGE_STANDARD = gnu17;
				GCC_DYNAMIC_NO_PIC = NO;
				GCC_NO_COMMON_BLOCKS = YES;
				GCC_OPTIMIZATION_LEVEL = 0;
				GCC_PREPROCESSOR_DEFINITIONS = (
					"DEBUG=1",
					"$(inherited)",
				);
				GCC_WARN_64_TO_32_BIT_CONVERSION = YES;
				GCC_WARN_ABOUT_RETURN_TYPE = YES_ERROR;
				GCC_WARN_UNDECLARED_SELECTOR = YES;
				GCC_WARN_UNINITIALIZED_AUTOS = YES_AGGRESSIVE;
				GCC_WARN_UNUSED_FUNCTION = YES;
				GCC_WARN_UNUSED_VARIABLE = YES;
				IPHONEOS_DEPLOYMENT_TARGET = 17.0;
				LOCALIZATION_PREFERS_STRING_CATALOGS = YES;
				MTL_ENABLE_DEBUG_INFO = INCLUDE_SOURCE;
				MTL_FAST_MATH = YES;
				ONLY_ACTIVE_ARCH = YES;
				SDKROOT = iphoneos;
				SWIFT_ACTIVE_COMPILATION_CONDITIONS = "DEBUG $(inherited)";
				SWIFT_OPTIMIZATION_LEVEL = "-Onone";
			};
			name = Debug;
		};
		BDE266742B03390200CBDDAD /* Release */ = {
			isa = XCBuildConfiguration;
			buildSettings = {
				ALWAYS_SEARCH_USER_PATHS = NO;
				ASSETCATALOG_COMPILER_GENERATE_SWIFT_ASSET_SYMBOL_EXTENSIONS = YES;
				CLANG_ANALYZER_NONNULL = YES;
				CLANG_ANALYZER_NUMBER_OBJECT_CONVERSION = YES_AGGRESSIVE;
				CLANG_CXX_LANGUAGE_STANDARD = "gnu++20";
				CLANG_ENABLE_MODULES = YES;
				CLANG_ENABLE_OBJC_ARC = YES;
				CLANG_ENABLE_OBJC_WEAK = YES;
				CLANG_WARN_BLOCK_CAPTURE_AUTORELEASING = YES;
				CLANG_WARN_BOOL_CONVERSION = YES;
				CLANG_WARN_COMMA = YES;
				CLANG_WARN_CONSTANT_CONVERSION = YES;
				CLANG_WARN_DEPRECATED_OBJC_IMPLEMENTATIONS = YES;
				CLANG_WARN_DIRECT_OBJC_ISA_USAGE = YES_ERROR;
				CLANG_WARN_DOCUMENTATION_COMMENTS = YES;
				CLANG_WARN_EMPTY_BODY = YES;
				CLANG_WARN_ENUM_CONVERSION = YES;
				CLANG_WARN_INFINITE_RECURSION = YES;
				CLANG_WARN_INT_CONVERSION = YES;
				CLANG_WARN_NON_LITERAL_NULL_CONVERSION = YES;
				CLANG_WARN_OBJC_IMPLICIT_RETAIN_SELF = YES;
				CLANG_WARN_OBJC_LITERAL_CONVERSION = YES;
				CLANG_WARN_OBJC_ROOT_CLASS = YES_ERROR;
				CLANG_WARN_QUOTED_INCLUDE_IN_FRAMEWORK_HEADER = YES;
				CLANG_WARN_RANGE_LOOP_ANALYSIS = YES;
				CLANG_WARN_STRICT_PROTOTYPES = YES;
				CLANG_WARN_SUSPICIOUS_MOVE = YES;
				CLANG_WARN_UNGUARDED_AVAILABILITY = YES_AGGRESSIVE;
				CLANG_WARN_UNREACHABLE_CODE = YES;
				CLANG_WARN__DUPLICATE_METHOD_MATCH = YES;
				COPY_PHASE_STRIP = NO;
				DEBUG_INFORMATION_FORMAT = "dwarf-with-dsym";
				ENABLE_NS_ASSERTIONS = NO;
				ENABLE_STRICT_OBJC_MSGSEND = YES;
				ENABLE_USER_SCRIPT_SANDBOXING = YES;
				GCC_C_LANGUAGE_STANDARD = gnu17;
				GCC_NO_COMMON_BLOCKS = YES;
				GCC_WARN_64_TO_32_BIT_CONVERSION = YES;
				GCC_WARN_ABOUT_RETURN_TYPE = YES_ERROR;
				GCC_WARN_UNDECLARED_SELECTOR = YES;
				GCC_WARN_UNINITIALIZED_AUTOS = YES_AGGRESSIVE;
				GCC_WARN_UNUSED_FUNCTION = YES;
				GCC_WARN_UNUSED_VARIABLE = YES;
				IPHONEOS_DEPLOYMENT_TARGET = 17.0;
				LOCALIZATION_PREFERS_STRING_CATALOGS = YES;
				MTL_ENABLE_DEBUG_INFO = NO;
				MTL_FAST_MATH = YES;
				SDKROOT = iphoneos;
				SWIFT_COMPILATION_MODE = wholemodule;
				VALIDATE_PRODUCT = YES;
			};
			name = Release;
		};
		BDE266762B03390200CBDDAD /* Debug */ = {
			isa = XCBuildConfiguration;
			buildSettings = {
				ASSETCATALOG_COMPILER_APPICON_NAME = AppIcon;
				ASSETCATALOG_COMPILER_GLOBAL_ACCENT_COLOR_NAME = AccentColor;
				ASSETCATALOG_COMPILER_INCLUDE_ALL_APPICON_ASSETS = YES;
				CODE_SIGN_STYLE = Automatic;
				CURRENT_PROJECT_VERSION = 1;
				DEVELOPMENT_ASSET_PATHS = "\"Instagram/Preview Content\"";
				DEVELOPMENT_TEAM = W2AW59778Q;
				ENABLE_PREVIEWS = YES;
				GENERATE_INFOPLIST_FILE = YES;
				INFOPLIST_KEY_CFBundleDisplayName = Instagram;
				INFOPLIST_KEY_UIApplicationSceneManifest_Generation = YES;
				INFOPLIST_KEY_UIApplicationSupportsIndirectInputEvents = YES;
				INFOPLIST_KEY_UILaunchScreen_Generation = YES;
				INFOPLIST_KEY_UISupportedInterfaceOrientations_iPad = "UIInterfaceOrientationPortrait UIInterfaceOrientationPortraitUpsideDown UIInterfaceOrientationLandscapeLeft UIInterfaceOrientationLandscapeRight";
				INFOPLIST_KEY_UISupportedInterfaceOrientations_iPhone = "UIInterfaceOrientationPortrait UIInterfaceOrientationLandscapeLeft UIInterfaceOrientationLandscapeRight";
				LD_RUNPATH_SEARCH_PATHS = (
					"$(inherited)",
					"@executable_path/Frameworks",
				);
				MARKETING_VERSION = 1.0;
				PRODUCT_BUNDLE_IDENTIFIER = com.yaswanth.Instagram;
				PRODUCT_NAME = "$(TARGET_NAME)";
				SWIFT_EMIT_LOC_STRINGS = YES;
				SWIFT_VERSION = 5.0;
				TARGETED_DEVICE_FAMILY = "1,2";
			};
			name = Debug;
		};
		BDE266772B03390200CBDDAD /* Release */ = {
			isa = XCBuildConfiguration;
			buildSettings = {
				ASSETCATALOG_COMPILER_APPICON_NAME = AppIcon;
				ASSETCATALOG_COMPILER_GLOBAL_ACCENT_COLOR_NAME = AccentColor;
				ASSETCATALOG_COMPILER_INCLUDE_ALL_APPICON_ASSETS = YES;
				CODE_SIGN_STYLE = Automatic;
				CURRENT_PROJECT_VERSION = 1;
				DEVELOPMENT_ASSET_PATHS = "\"Instagram/Preview Content\"";
				DEVELOPMENT_TEAM = W2AW59778Q;
				ENABLE_PREVIEWS = YES;
				GENERATE_INFOPLIST_FILE = YES;
				INFOPLIST_KEY_CFBundleDisplayName = Instagram;
				INFOPLIST_KEY_UIApplicationSceneManifest_Generation = YES;
				INFOPLIST_KEY_UIApplicationSupportsIndirectInputEvents = YES;
				INFOPLIST_KEY_UILaunchScreen_Generation = YES;
				INFOPLIST_KEY_UISupportedInterfaceOrientations_iPad = "UIInterfaceOrientationPortrait UIInterfaceOrientationPortraitUpsideDown UIInterfaceOrientationLandscapeLeft UIInterfaceOrientationLandscapeRight";
				INFOPLIST_KEY_UISupportedInterfaceOrientations_iPhone = "UIInterfaceOrientationPortrait UIInterfaceOrientationLandscapeLeft UIInterfaceOrientationLandscapeRight";
				LD_RUNPATH_SEARCH_PATHS = (
					"$(inherited)",
					"@executable_path/Frameworks",
				);
				MARKETING_VERSION = 1.0;
				PRODUCT_BUNDLE_IDENTIFIER = com.yaswanth.Instagram;
				PRODUCT_NAME = "$(TARGET_NAME)";
				SWIFT_EMIT_LOC_STRINGS = YES;
				SWIFT_VERSION = 5.0;
				TARGETED_DEVICE_FAMILY = "1,2";
			};
			name = Release;
		};
/* End XCBuildConfiguration section */

/* Begin XCConfigurationList section */
		BDE266622B03390200CBDDAD /* Build configuration list for PBXProject "Instagram" */ = {
			isa = XCConfigurationList;
			buildConfigurations = (
				BDE266732B03390200CBDDAD /* Debug */,
				BDE266742B03390200CBDDAD /* Release */,
			);
			defaultConfigurationIsVisible = 0;
			defaultConfigurationName = Release;
		};
		BDE266752B03390200CBDDAD /* Build configuration list for PBXNativeTarget "Instagram" */ = {
			isa = XCConfigurationList;
			buildConfigurations = (
				BDE266762B03390200CBDDAD /* Debug */,
				BDE266772B03390200CBDDAD /* Release */,
			);
			defaultConfigurationIsVisible = 0;
			defaultConfigurationName = Release;
		};
/* End XCConfigurationList section */

/* Begin XCRemoteSwiftPackageReference section */
		BD5D50502B047D58003038BD /* XCRemoteSwiftPackageReference "firebase-ios-sdk" */ = {
			isa = XCRemoteSwiftPackageReference;
			repositoryURL = "https://github.com/firebase/firebase-ios-sdk";
			requirement = {
				kind = upToNextMajorVersion;
				minimumVersion = 10.18.0;
			};
		};
/* End XCRemoteSwiftPackageReference section */

/* Begin XCSwiftPackageProductDependency section */
		BD5D50512B047D58003038BD /* FirebaseAnalytics */ = {
			isa = XCSwiftPackageProductDependency;
			package = BD5D50502B047D58003038BD /* XCRemoteSwiftPackageReference "firebase-ios-sdk" */;
			productName = FirebaseAnalytics;
		};
		BD5D50532B047D58003038BD /* FirebaseAnalyticsOnDeviceConversion */ = {
			isa = XCSwiftPackageProductDependency;
			package = BD5D50502B047D58003038BD /* XCRemoteSwiftPackageReference "firebase-ios-sdk" */;
			productName = FirebaseAnalyticsOnDeviceConversion;
		};
		BD5D50552B047D58003038BD /* FirebaseAnalyticsSwift */ = {
			isa = XCSwiftPackageProductDependency;
			package = BD5D50502B047D58003038BD /* XCRemoteSwiftPackageReference "firebase-ios-sdk" */;
			productName = FirebaseAnalyticsSwift;
		};
		BD5D50572B047D58003038BD /* FirebaseAnalyticsWithoutAdIdSupport */ = {
			isa = XCSwiftPackageProductDependency;
			package = BD5D50502B047D58003038BD /* XCRemoteSwiftPackageReference "firebase-ios-sdk" */;
			productName = FirebaseAnalyticsWithoutAdIdSupport;
		};
		BD5D50592B047D58003038BD /* FirebaseAppCheck */ = {
			isa = XCSwiftPackageProductDependency;
			package = BD5D50502B047D58003038BD /* XCRemoteSwiftPackageReference "firebase-ios-sdk" */;
			productName = FirebaseAppCheck;
		};
/* End XCSwiftPackageProductDependency section */
	};
	rootObject = BDE2665F2B03390200CBDDAD /* Project object */;
}
